{
  "nodes": {
    "flake-utils": {
      "locked": {
        "lastModified": 1642700792,
        "narHash": "sha256-XqHrk7hFb+zBvRg6Ghl+AZDq03ov6OshJLiSWOoX5es=",
        "owner": "numtide",
        "repo": "flake-utils",
        "rev": "846b2ae0fc4cc943637d3d1def4454213e203cba",
        "type": "github"
      },
      "original": {
        "owner": "numtide",
        "repo": "flake-utils",
        "type": "github"
      }
    },
    "gomod2nix": {
      "inputs": {
        "nixpkgs": [
          "nixpkgs"
        ],
        "utils": "utils"
      },
      "locked": {
        "lastModified": 1641803356,
        "narHash": "sha256-ZjF43cckJLJCV9I+SXwTGNQGI52KrYwUhLt/R83TyKk=",
        "owner": "tweag",
        "repo": "gomod2nix",
        "rev": "fc5adcc53031c5a3934500a57896a840a2bd073d",
        "type": "github"
      },
      "original": {
        "owner": "tweag",
        "repo": "gomod2nix",
        "type": "github"
      }
    },
    "nix-bundle-exe": {
      "flake": false,
      "locked": {
        "lastModified": 1651240934,
        "narHash": "sha256-oLM2nqdxzCqNTxGtgFjIltOy5fU8iRiurKMBRExbUIY=",
        "owner": "3noch",
        "repo": "nix-bundle-exe",
        "rev": "7cae51b738ba32db00f5d280513f8d118670d3f6",
        "type": "github"
      },
      "original": {
        "owner": "3noch",
        "repo": "nix-bundle-exe",
        "type": "github"
      }
    },
    "nixpkgs": {
      "locked": {
        "lastModified": 1651059350,
        "narHash": "sha256-OWvs6t92u9s78L+lj58pkbau5gtz1Ra1AjNcYiIIAd0=",
        "owner": "NixOS",
        "repo": "nixpkgs",
        "rev": "269d35f70441a61bf1bd25350449a3518bfe7f7e",
        "type": "github"
      },
      "original": {
        "owner": "NixOS",
        "ref": "release-21.11",
        "repo": "nixpkgs",
        "type": "github"
      }
    },
    "rocksdb-src": {
      "flake": false,
      "locked": {
        "lastModified": 1648583659,
        "narHash": "sha256-m6twgWcPTVD6uzcLuskKX6voeq7qAF3rozfLqSakI7s=",
        "owner": "facebook",
        "repo": "rocksdb",
        "rev": "da11a59034584ea2d0911268b8136e5249d6b692",
        "type": "github"
      },
      "original": {
        "owner": "facebook",
        "ref": "v6.29.5",
        "repo": "rocksdb",
        "type": "github"
      }
    },
    "root": {
      "inputs": {
        "flake-utils": "flake-utils",
        "gomod2nix": "gomod2nix",
        "nix-bundle-exe": "nix-bundle-exe",
        "nixpkgs": "nixpkgs",
        "rocksdb-src": "rocksdb-src"
      }
    },
    "utils": {
      "locked": {
        "lastModified": 1623875721,
        "narHash": "sha256-A8BU7bjS5GirpAUv4QA+QnJ4CceLHkcXdRp4xITDB0s=",
        "owner": "numtide",
        "repo": "flake-utils",
        "rev": "f7e004a55b120c02ecb6219596820fcd32ca8772",
        "type": "github"
      },
      "original": {
        "owner": "numtide",
        "repo": "flake-utils",
        "type": "github"
      }
    }
  },
  "root": "root",
  "version": 7
}
