{
  "nodes": {
    "flake-utils": {
      "locked": {
        "lastModified": 1642700792,
        "narHash": "sha256-XqHrk7hFb+zBvRg6Ghl+AZDq03ov6OshJLiSWOoX5es=",
        "owner": "numtide",
        "repo": "flake-utils",
        "rev": "846b2ae0fc4cc943637d3d1def4454213e203cba",
        "type": "github"
      },
      "original": {
        "owner": "numtide",
        "repo": "flake-utils",
        "type": "github"
      }
    },
    "gomod2nix": {
      "inputs": {
        "nixpkgs": [
          "nixpkgs"
        ],
        "utils": [
          "flake-utils"
        ]
      },
      "locked": {
        "lastModified": 1655245309,
        "narHash": "sha256-d/YPoQ/vFn1+GTmSdvbSBSTOai61FONxB4+Lt6w/IVI=",
        "owner": "tweag",
        "repo": "gomod2nix",
        "rev": "40d32f82fc60d66402eb0972e6e368aeab3faf58",
        "type": "github"
      },
      "original": {
        "owner": "tweag",
        "repo": "gomod2nix",
        "type": "github"
      }
    },
    "nix-bundle-exe": {
      "flake": false,
      "locked": {
        "lastModified": 1652837534,
        "narHash": "sha256-tdGPrIW+36z6e1W7Vni8ioUs4/h62I0fbMR2dymoBDo=",
        "owner": "3noch",
        "repo": "nix-bundle-exe",
        "rev": "c083d398032871b1cee49d9325e81aa12abf429a",
        "type": "github"
      },
      "original": {
        "owner": "3noch",
        "repo": "nix-bundle-exe",
        "type": "github"
      }
    },
    "nixpkgs": {
      "locked": {
        "lastModified": 1657271632,
        "narHash": "sha256-23jPi/xEeEm3zovWulbFribxCmQ6qA6NDo8d6XNTXig=",
        "owner": "yihuang",
        "repo": "nixpkgs",
        "rev": "f7e7545a9b298352d1736788f9727052e00eba76",
        "type": "github"
      },
      "original": {
        "owner": "yihuang",
        "ref": "apple-sdk-11-x86_64",
        "repo": "nixpkgs",
        "type": "github"
      }
    },
    "rocksdb-src": {
      "flake": false,
      "locked": {
        "lastModified": 1648583659,
        "narHash": "sha256-m6twgWcPTVD6uzcLuskKX6voeq7qAF3rozfLqSakI7s=",
        "owner": "facebook",
        "repo": "rocksdb",
        "rev": "da11a59034584ea2d0911268b8136e5249d6b692",
        "type": "github"
      },
      "original": {
        "owner": "facebook",
        "ref": "v6.29.5",
        "repo": "rocksdb",
        "type": "github"
      }
    },
    "root": {
      "inputs": {
        "flake-utils": "flake-utils",
        "gomod2nix": "gomod2nix",
        "nix-bundle-exe": "nix-bundle-exe",
        "nixpkgs": "nixpkgs",
        "rocksdb-src": "rocksdb-src"
      }
    }
  },
  "root": "root",
  "version": 7
}
