{
  "nodes": {
    "cronos": {
      "inputs": {
        "flake-utils": [
          "flake-utils"
        ],
        "gomod2nix": "gomod2nix",
        "nix-bundle-exe": "nix-bundle-exe",
        "nixpkgs": [
          "nixpkgs"
        ],
        "poetry2nix": "poetry2nix"
      },
      "locked": {
        "lastModified": 1716448317,
        "narHash": "sha256-MY2S2YyKWvyj2z086VaFcrWpjjMzb7R10Rprq3zeE+o=",
        "owner": "crypto-org-chain",
        "repo": "cronos",
        "rev": "b2a47a2bdf95dfe8b5d81428f7024ef36b81f32e",
        "type": "github"
      },
      "original": {
        "owner": "crypto-org-chain",
        "ref": "main",
        "repo": "cronos",
        "type": "github"
      }
    },
    "flake-utils": {
      "inputs": {
        "systems": "systems"
      },
      "locked": {
        "lastModified": 1710146030,
        "narHash": "sha256-SZ5L6eA7HJ/nmkzGG7/ISclqe6oZdOZTNoesiInkXPQ=",
        "owner": "numtide",
        "repo": "flake-utils",
        "rev": "b1d9ab70662946ef0850d488da1c9019f3a9752a",
        "type": "github"
      },
      "original": {
        "owner": "numtide",
        "repo": "flake-utils",
        "type": "github"
      }
    },
    "flake-utils_2": {
      "inputs": {
        "systems": "systems_3"
      },
      "locked": {
        "lastModified": 1710146030,
        "narHash": "sha256-SZ5L6eA7HJ/nmkzGG7/ISclqe6oZdOZTNoesiInkXPQ=",
        "owner": "numtide",
        "repo": "flake-utils",
        "rev": "b1d9ab70662946ef0850d488da1c9019f3a9752a",
        "type": "github"
      },
      "original": {
        "owner": "numtide",
        "repo": "flake-utils",
        "type": "github"
      }
    },
    "gomod2nix": {
      "inputs": {
        "flake-utils": [
          "cronos",
          "flake-utils"
        ],
        "nixpkgs": [
          "cronos",
          "nixpkgs"
        ]
      },
      "locked": {
        "lastModified": 1705314449,
        "narHash": "sha256-yfQQ67dLejP0FLK76LKHbkzcQqNIrux6MFe32MMFGNQ=",
        "owner": "nix-community",
        "repo": "gomod2nix",
        "rev": "30e3c3a9ec4ac8453282ca7f67fca9e1da12c3e6",
        "type": "github"
      },
      "original": {
        "owner": "nix-community",
        "repo": "gomod2nix",
        "type": "github"
      }
    },
    "nix-bundle-exe": {
      "flake": false,
      "locked": {
        "lastModified": 1660176694,
        "narHash": "sha256-cJGZ/3CjVkoyk1W9mFVs6P/5LbJ8C+42chGYiB/wB/A=",
        "owner": "3noch",
        "repo": "nix-bundle-exe",
        "rev": "91416cec283a33ae3448aacdc5cabdece9c08793",
        "type": "github"
      },
      "original": {
        "owner": "3noch",
        "repo": "nix-bundle-exe",
        "type": "github"
      }
    },
    "nix-github-actions": {
      "inputs": {
        "nixpkgs": [
          "cronos",
          "poetry2nix",
          "nixpkgs"
        ]
      },
      "locked": {
        "lastModified": 1703863825,
        "narHash": "sha256-rXwqjtwiGKJheXB43ybM8NwWB8rO2dSRrEqes0S7F5Y=",
        "owner": "nix-community",
        "repo": "nix-github-actions",
        "rev": "5163432afc817cf8bd1f031418d1869e4c9d5547",
        "type": "github"
      },
      "original": {
        "owner": "nix-community",
        "repo": "nix-github-actions",
        "type": "github"
      }
    },
    "nixpkgs": {
      "locked": {
        "lastModified": 1716924492,
        "narHash": "sha256-9/Ro5/MfI+PNMF8jzh7+gXDPUHeOzL1e/iw3p4z6Ttc=",
        "owner": "NixOS",
        "repo": "nixpkgs",
        "rev": "4ae13643e7f2cd4bc6555fce074865d9d14e7c24",
        "type": "github"
      },
      "original": {
        "owner": "NixOS",
        "ref": "nixos-unstable-small",
        "repo": "nixpkgs",
        "type": "github"
      }
    },
    "nixpkgs_2": {
      "locked": {
        "lastModified": 1716715802,
        "narHash": "sha256-usk0vE7VlxPX8jOavrtpOqphdfqEQpf9lgedlY/r66c=",
        "owner": "NixOS",
        "repo": "nixpkgs",
        "rev": "e2dd4e18cc1c7314e24154331bae07df76eb582f",
        "type": "github"
      },
      "original": {
        "owner": "NixOS",
        "ref": "nixpkgs-unstable",
        "repo": "nixpkgs",
        "type": "github"
      }
    },
    "poetry2nix": {
      "inputs": {
        "flake-utils": "flake-utils",
        "nix-github-actions": "nix-github-actions",
        "nixpkgs": "nixpkgs",
        "systems": "systems_2",
        "treefmt-nix": "treefmt-nix"
      },
      "locked": {
        "lastModified": 1716986791,
        "narHash": "sha256-T9Lra3MFVrto23zj2dDZ6bgxz/9gp/wh2x7QhFkpWEs=",
        "owner": "nix-community",
        "repo": "poetry2nix",
        "rev": "1f32bb76c8e2502d896d38dc08433ac8d1e27468",
        "type": "github"
      },
      "original": {
        "owner": "nix-community",
        "repo": "poetry2nix",
        "type": "github"
      }
    },
    "root": {
      "inputs": {
        "cronos": "cronos",
        "flake-utils": "flake-utils_2",
        "nixpkgs": "nixpkgs_2"
      }
    },
    "systems": {
      "locked": {
        "lastModified": 1681028828,
        "narHash": "sha256-Vy1rq5AaRuLzOxct8nz4T6wlgyUR7zLU309k9mBC768=",
        "owner": "nix-systems",
        "repo": "default",
        "rev": "da67096a3b9bf56a91d16901293e51ba5b49a27e",
        "type": "github"
      },
      "original": {
        "owner": "nix-systems",
        "repo": "default",
        "type": "github"
      }
    },
    "systems_2": {
      "locked": {
        "lastModified": 1681028828,
        "narHash": "sha256-Vy1rq5AaRuLzOxct8nz4T6wlgyUR7zLU309k9mBC768=",
        "owner": "nix-systems",
        "repo": "default",
        "rev": "da67096a3b9bf56a91d16901293e51ba5b49a27e",
        "type": "github"
      },
      "original": {
        "id": "systems",
        "type": "indirect"
      }
    },
    "systems_3": {
      "locked": {
        "lastModified": 1681028828,
        "narHash": "sha256-Vy1rq5AaRuLzOxct8nz4T6wlgyUR7zLU309k9mBC768=",
        "owner": "nix-systems",
        "repo": "default",
        "rev": "da67096a3b9bf56a91d16901293e51ba5b49a27e",
        "type": "github"
      },
      "original": {
        "owner": "nix-systems",
        "repo": "default",
        "type": "github"
      }
    },
    "treefmt-nix": {
      "inputs": {
        "nixpkgs": [
          "cronos",
          "poetry2nix",
          "nixpkgs"
        ]
      },
      "locked": {
        "lastModified": 1708335038,
        "narHash": "sha256-ETLZNFBVCabo7lJrpjD6cAbnE11eDOjaQnznmg/6hAE=",
        "owner": "numtide",
        "repo": "treefmt-nix",
        "rev": "e504621290a1fd896631ddbc5e9c16f4366c9f65",
        "type": "github"
      },
      "original": {
        "owner": "numtide",
        "repo": "treefmt-nix",
        "type": "github"
      }
    }
  },
  "root": "root",
  "version": 7
}
